<?xml version="1.0" encoding="utf-8"?>
<Project ToolsVersion="4.0" xmlns="http://schemas.microsoft.com/developer/msbuild/2003">
  <ItemGroup>
    <Filter Include="Archivos de origen">
      <UniqueIdentifier>{4FC737F1-C7A5-4376-A066-2A32D752A2FF}</UniqueIdentifier>
      <Extensions>cpp;c;cc;cxx;c++;cppm;ixx;def;odl;idl;hpj;bat;asm;asmx</Extensions>
    </Filter>
    <Filter Include="Archivos de encabezado">
      <UniqueIdentifier>{93995380-89BD-4b04-88EB-625FBE52EBFB}</UniqueIdentifier>
      <Extensions>h;hh;hpp;hxx;h++;hm;inl;inc;ipp;xsd</Extensions>
    </Filter>
    <Filter Include="Archivos de recursos">
      <UniqueIdentifier>{67DA6AB6-F800-4c08-8B7A-83BB121AAD01}</UniqueIdentifier>
      <Extensions>rc;ico;cur;bmp;dlg;rc2;rct;bin;rgs;gif;jpg;jpeg;jpe;resx;tiff;tif;png;wav;mfcribbon-ms</Extensions>
    </Filter>
  </ItemGroup>
  <ItemGroup>
    <ClCompile Include="main.cpp">
      <Filter>Archivos de origen</Filter>
    </ClCompile>
    <ClCompile Include="Coin.cpp">
      <Filter>Archivos de origen</Filter>
    </ClCompile>
    <ClCompile Include="Collectable.cpp">
      <Filter>Archivos de origen</Filter>
    </ClCompile>
    <ClCompile Include="DragonBall.cpp">
      <Filter>Archivos de origen</Filter>
    </ClCompile>
    <ClCompile Include="Entity.cpp">
      <Filter>Archivos de origen</Filter>
    </ClCompile>
    <ClCompile Include="FileReader.cpp">
      <Filter>Archivos de origen</Filter>
    </ClCompile>
    <ClCompile Include="Game.cpp">
      <Filter>Archivos de origen</Filter>
    </ClCompile>
    <ClCompile Include="GameOverAnimation.cpp">
      <Filter>Archivos de origen</Filter>
    </ClCompile>
    <ClCompile Include="HighScoresBoard.cpp">
      <Filter>Archivos de origen</Filter>
    </ClCompile>
    <ClCompile Include="HUD.cpp">
      <Filter>Archivos de origen</Filter>
    </ClCompile>
    <ClCompile Include="HUDElement.cpp">
      <Filter>Archivos de origen</Filter>
    </ClCompile>
    <ClCompile Include="Level.cpp">
      <Filter>Archivos de origen</Filter>
    </ClCompile>
    <ClCompile Include="LevelFile.cpp">
      <Filter>Archivos de origen</Filter>
    </ClCompile>
    <ClCompile Include="LevelEndAnimation.cpp">
      <Filter>Archivos de origen</Filter>
    </ClCompile>
    <ClCompile Include="LevelHUD.cpp">
      <Filter>Archivos de origen</Filter>
    </ClCompile>
    <ClCompile Include="LevelMenu.cpp">
      <Filter>Archivos de origen</Filter>
    </ClCompile>
    <ClCompile Include="LevelStructure.cpp">
      <Filter>Archivos de origen</Filter>
    </ClCompile>
    <ClCompile Include="ListMenu.cpp">
      <Filter>Archivos de origen</Filter>
    </ClCompile>
    <ClCompile Include="LoadGameMenu.cpp">
      <Filter>Archivos de origen</Filter>
    </ClCompile>
    <ClCompile Include="MainMenu.cpp">
      <Filter>Archivos de origen</Filter>
    </ClCompile>
    <ClCompile Include="Map.cpp">
      <Filter>Archivos de origen</Filter>
    </ClCompile>
    <ClCompile Include="MapFile.cpp">
      <Filter>Archivos de origen</Filter>
    </ClCompile>
    <ClCompile Include="MapHUD.cpp">
      <Filter>Archivos de origen</Filter>
    </ClCompile>
    <ClCompile Include="MapLevel.cpp">
      <Filter>Archivos de origen</Filter>
    </ClCompile>
    <ClCompile Include="MapSelectMenu.cpp">
      <Filter>Archivos de origen</Filter>
    </ClCompile>
    <ClCompile Include="Menu.cpp">
      <Filter>Archivos de origen</Filter>
    </ClCompile>
    <ClCompile Include="MenuButton.cpp">
      <Filter>Archivos de origen</Filter>
    </ClCompile>
    <ClCompile Include="MovementsLimiter.cpp">
      <Filter>Archivos de origen</Filter>
    </ClCompile>
    <ClCompile Include="NewGameMenu.cpp">
      <Filter>Archivos de origen</Filter>
    </ClCompile>
    <ClCompile Include="ParallaxElement.cpp">
      <Filter>Archivos de origen</Filter>
    </ClCompile>
    <ClCompile Include="Player.cpp">
      <Filter>Archivos de origen</Filter>
    </ClCompile>
    <ClCompile Include="PlayMenu.cpp">
      <Filter>Archivos de origen</Filter>
    </ClCompile>
    <ClCompile Include="Profile.cpp">
      <Filter>Archivos de origen</Filter>
    </ClCompile>
    <ClCompile Include="ResourceHandler.cpp">
      <Filter>Archivos de origen</Filter>
    </ClCompile>
    <ClCompile Include="Scene.cpp">
      <Filter>Archivos de origen</Filter>
    </ClCompile>
    <ClCompile Include="Settings.cpp">
      <Filter>Archivos de origen</Filter>
    </ClCompile>
    <ClCompile Include="SettingsMenu.cpp">
      <Filter>Archivos de origen</Filter>
    </ClCompile>
    <ClCompile Include="SoundsHandler.cpp">
      <Filter>Archivos de origen</Filter>
    </ClCompile>
    <ClCompile Include="TextInput.cpp">
      <Filter>Archivos de origen</Filter>
    </ClCompile>
    <ClCompile Include="Tile.cpp">
      <Filter>Archivos de origen</Filter>
    </ClCompile>
    <ClCompile Include="WindowSizeHandler.cpp">
      <Filter>Archivos de origen</Filter>
    </ClCompile>
    <ClCompile Include="include\jsoncpp-1.9.5\dist\jsoncpp.cpp">
      <Filter>Archivos de origen</Filter>
    </ClCompile>
    <ClCompile Include="Hitbox.cpp">
      <Filter>Archivos de origen</Filter>
    </ClCompile>
    <ClCompile Include="WonGameAnimation.cpp">
      <Filter>Archivos de origen</Filter>
    </ClCompile>
    <ClCompile Include="Encrypter.cpp">
      <Filter>Archivos de origen</Filter>
    </ClCompile>
  </ItemGroup>
  <ItemGroup>
    <ClInclude Include="Coin.h">
      <Filter>Archivos de encabezado</Filter>
    </ClInclude>
    <ClInclude Include="Collectable.h">
      <Filter>Archivos de encabezado</Filter>
    </ClInclude>
    <ClInclude Include="DragonBall.h">
      <Filter>Archivos de encabezado</Filter>
    </ClInclude>
    <ClInclude Include="Entity.h">
      <Filter>Archivos de encabezado</Filter>
    </ClInclude>
    <ClInclude Include="FileReader.h">
      <Filter>Archivos de encabezado</Filter>
    </ClInclude>
    <ClInclude Include="Game.h">
      <Filter>Archivos de encabezado</Filter>
    </ClInclude>
    <ClInclude Include="GameOverAnimation.h">
      <Filter>Archivos de encabezado</Filter>
    </ClInclude>
    <ClInclude Include="HighScoresBoard.h">
      <Filter>Archivos de encabezado</Filter>
    </ClInclude>
    <ClInclude Include="HUD.h">
      <Filter>Archivos de encabezado</Filter>
    </ClInclude>
    <ClInclude Include="HUDElement.h">
      <Filter>Archivos de encabezado</Filter>
    </ClInclude>
    <ClInclude Include="Level.h">
      <Filter>Archivos de encabezado</Filter>
    </ClInclude>
    <ClInclude Include="LevelFile.h">
      <Filter>Archivos de encabezado</Filter>
    </ClInclude>
    <ClInclude Include="LevelEndAnimation.h">
      <Filter>Archivos de encabezado</Filter>
    </ClInclude>
    <ClInclude Include="LevelHUD.h">
      <Filter>Archivos de encabezado</Filter>
    </ClInclude>
    <ClInclude Include="LevelMenu.h">
      <Filter>Archivos de encabezado</Filter>
    </ClInclude>
    <ClInclude Include="LevelStructure.h">
      <Filter>Archivos de encabezado</Filter>
    </ClInclude>
    <ClInclude Include="ListMenu.h">
      <Filter>Archivos de encabezado</Filter>
    </ClInclude>
    <ClInclude Include="LoadGameMenu.h">
      <Filter>Archivos de encabezado</Filter>
    </ClInclude>
    <ClInclude Include="MainMenu.h">
      <Filter>Archivos de encabezado</Filter>
    </ClInclude>
    <ClInclude Include="Map.h">
      <Filter>Archivos de encabezado</Filter>
    </ClInclude>
    <ClInclude Include="MapFile.h">
      <Filter>Archivos de encabezado</Filter>
    </ClInclude>
    <ClInclude Include="MapHUD.h">
      <Filter>Archivos de encabezado</Filter>
    </ClInclude>
    <ClInclude Include="MapLevel.h">
      <Filter>Archivos de encabezado</Filter>
    </ClInclude>
    <ClInclude Include="MapSelectMenu.h">
      <Filter>Archivos de encabezado</Filter>
    </ClInclude>
    <ClInclude Include="Menu.h">
      <Filter>Archivos de encabezado</Filter>
    </ClInclude>
    <ClInclude Include="MenuButton.h">
      <Filter>Archivos de encabezado</Filter>
    </ClInclude>
    <ClInclude Include="MovementsLimiter.h">
      <Filter>Archivos de encabezado</Filter>
    </ClInclude>
    <ClInclude Include="NewGameMenu.h">
      <Filter>Archivos de encabezado</Filter>
    </ClInclude>
    <ClInclude Include="ParallaxElement.h">
      <Filter>Archivos de encabezado</Filter>
    </ClInclude>
    <ClInclude Include="Player.h">
      <Filter>Archivos de encabezado</Filter>
    </ClInclude>
    <ClInclude Include="PlayMenu.h">
      <Filter>Archivos de encabezado</Filter>
    </ClInclude>
    <ClInclude Include="Profile.h">
      <Filter>Archivos de encabezado</Filter>
    </ClInclude>
    <ClInclude Include="Resource.h">
      <Filter>Archivos de encabezado</Filter>
    </ClInclude>
    <ClInclude Include="ResourceHandler.h">
      <Filter>Archivos de encabezado</Filter>
    </ClInclude>
    <ClInclude Include="Scene.h">
      <Filter>Archivos de encabezado</Filter>
    </ClInclude>
    <ClInclude Include="Settings.h">
      <Filter>Archivos de encabezado</Filter>
    </ClInclude>
    <ClInclude Include="SettingsMenu.h">
      <Filter>Archivos de encabezado</Filter>
    </ClInclude>
    <ClInclude Include="SoundPaths.h">
      <Filter>Archivos de encabezado</Filter>
    </ClInclude>
    <ClInclude Include="SoundsHandler.h">
      <Filter>Archivos de encabezado</Filter>
    </ClInclude>
    <ClInclude Include="TextInput.h">
      <Filter>Archivos de encabezado</Filter>
    </ClInclude>
    <ClInclude Include="Tile.h">
      <Filter>Archivos de encabezado</Filter>
    </ClInclude>
    <ClInclude Include="Ubication.h">
      <Filter>Archivos de encabezado</Filter>
    </ClInclude>
    <ClInclude Include="WindowSizeHandler.h">
      <Filter>Archivos de encabezado</Filter>
    </ClInclude>
    <ClInclude Include="Animation.h">
      <Filter>Archivos de encabezado</Filter>
    </ClInclude>
    <ClInclude Include="Constants.h">
      <Filter>Archivos de encabezado</Filter>
    </ClInclude>
    <ClInclude Include="Hitbox.h">
      <Filter>Archivos de encabezado</Filter>
    </ClInclude>
    <ClInclude Include="WonGameAnimation.h">
      <Filter>Archivos de encabezado</Filter>
    </ClInclude>
    <ClInclude Include="Decrypter.h">
      <Filter>Archivos de encabezado</Filter>
    </ClInclude>
    <ClInclude Include="Encrypter.h">
      <Filter>Archivos de encabezado</Filter>
    </ClInclude>
    <ClInclude Include="EncryptConstants.h">
      <Filter>Archivos de encabezado</Filter>
    </ClInclude>
    <ClInclude Include="resource1.h">
      <Filter>Archivos de encabezado</Filter>
    </ClInclude>
  </ItemGroup>
  <ItemGroup>
    <ResourceCompile Include="Road to desire.rc">
      <Filter>Archivos de recursos</Filter>
    </ResourceCompile>
  </ItemGroup>
  <ItemGroup>
    <Image Include="icon.ico">
      <Filter>Archivos de recursos</Filter>
    </Image>
  </ItemGroup>
</Project>